
Microsoft Visual Studio Solution File, Format Version 12.00
# Visual Studio Version 17
VisualStudioVersion = 17.9.34321.82
MinimumVisualStudioVersion = 10.0.40219.1
Project("{9A19103F-16F7-4668-BE54-9A1E7A4F7556}") = "WarcraftGearPlanner.Server", "WarcraftGearPlanner.Server\WarcraftGearPlanner.Server.csproj", "{C8B70CB5-5122-4288-8DA1-B8CDECC72B14}"
EndProject
Project("{2150E333-8FDC-42A3-9474-1A3956D46DE8}") = "Solution Items", "Solution Items", "{584805ED-ACA2-4E7A-A78F-5C80FB848BAE}"
	ProjectSection(SolutionItems) = preProject
		.gitignore = .gitignore
		.github\workflows\deploy-azure-func.yml = .github\workflows\deploy-azure-func.yml
		.github\workflows\deploy-docker-api.yml = .github\workflows\deploy-docker-api.yml
		.github\workflows\deploy-gh-pages.yml = .github\workflows\deploy-gh-pages.yml
		.config\dotnet-tools.json = .config\dotnet-tools.json
		README.md = README.md
	EndProjectSection
EndProject
Project("{9A19103F-16F7-4668-BE54-9A1E7A4F7556}") = "WarcraftGearPlanner.Functions", "WarcraftGearPlanner.Functions\WarcraftGearPlanner.Functions.csproj", "{28820D3C-6E82-4BAA-97FA-E71509984ED1}"
EndProject
Project("{9A19103F-16F7-4668-BE54-9A1E7A4F7556}") = "WarcraftGearPlanner.Shared", "WarcraftGearPlanner.Shared\WarcraftGearPlanner.Shared.csproj", "{72558936-216F-4D6B-AF7B-60CDF8E3D332}"
EndProject
Global
	GlobalSection(SolutionConfigurationPlatforms) = preSolution
		Debug|Any CPU = Debug|Any CPU
		Release|Any CPU = Release|Any CPU
	EndGlobalSection
	GlobalSection(ProjectConfigurationPlatforms) = postSolution
		{C8B70CB5-5122-4288-8DA1-B8CDECC72B14}.Debug|Any CPU.ActiveCfg = Debug|Any CPU
		{C8B70CB5-5122-4288-8DA1-B8CDECC72B14}.Debug|Any CPU.Build.0 = Debug|Any CPU
		{C8B70CB5-5122-4288-8DA1-B8CDECC72B14}.Release|Any CPU.ActiveCfg = Release|Any CPU
		{C8B70CB5-5122-4288-8DA1-B8CDECC72B14}.Release|Any CPU.Build.0 = Release|Any CPU
		{28820D3C-6E82-4BAA-97FA-E71509984ED1}.Debug|Any CPU.ActiveCfg = Debug|Any CPU
		{28820D3C-6E82-4BAA-97FA-E71509984ED1}.Debug|Any CPU.Build.0 = Debug|Any CPU
		{28820D3C-6E82-4BAA-97FA-E71509984ED1}.Release|Any CPU.ActiveCfg = Release|Any CPU
		{28820D3C-6E82-4BAA-97FA-E71509984ED1}.Release|Any CPU.Build.0 = Release|Any CPU
		{72558936-216F-4D6B-AF7B-60CDF8E3D332}.Debug|Any CPU.ActiveCfg = Debug|Any CPU
		{72558936-216F-4D6B-AF7B-60CDF8E3D332}.Debug|Any CPU.Build.0 = Debug|Any CPU
		{72558936-216F-4D6B-AF7B-60CDF8E3D332}.Release|Any CPU.ActiveCfg = Release|Any CPU
		{72558936-216F-4D6B-AF7B-60CDF8E3D332}.Release|Any CPU.Build.0 = Release|Any CPU
	EndGlobalSection
	GlobalSection(SolutionProperties) = preSolution
		HideSolutionNode = FALSE
	EndGlobalSection
	GlobalSection(ExtensibilityGlobals) = postSolution
		SolutionGuid = {40BB92FB-1F00-4F96-B2A3-E5B2DB789774}
	EndGlobalSection
EndGlobal
